# This file is autogenerated, do not edit; changes may be undone by the next 'dep ensure'.


[[projects]]
  digest = "1:573fa46f8d413d4bc3f7cc5e86b2c43cb21559f4fb0a19d9874d228e28fdc07c"
  name = "github.com/PuerkitoBio/goquery"
  packages = ["."]
  pruneopts = "UT"
  revision = "2d2796f41742ece03e8086188fa4db16a3a0b458"
  version = "v1.5.0"

[[projects]]
  digest = "1:66b3310cf22cdc96c35ef84ede4f7b9b370971c4025f394c89a2638729653b11"
  name = "github.com/andybalholm/cascadia"
  packages = ["."]
  pruneopts = "UT"
  revision = "901648c87902174f774fac311d7f176f8647bdaa"
  version = "v1.0.0"

[[projects]]
  digest = "1:edbef42561faa44c19129b68d1e109fbc1647f63239250391eadc8d0e7c9f669"
  name = "github.com/kelseyhightower/envconfig"
  packages = ["."]
  pruneopts = "UT"
  revision = "f611eb38b3875cc3bd991ca91c51d06446afa14c"
  version = "v1.3.0"

[[projects]]
  digest = "1:31e761d97c76151dde79e9d28964a812c46efc5baee4085b86f68f0c654450de"
  name = "github.com/konsorten/go-windows-terminal-sequences"
  packages = ["."]
  pruneopts = "UT"
  revision = "f55edac94c9bbba5d6182a4be46d86a2c9b5b50e"
  version = "v1.0.2"

[[projects]]
  branch = "master"
  digest = "1:42bf1dba39083bdbad7be263e954a1c2a957b19c106c890f9398661d54dc48d4"
  name = "github.com/kraser/errorshandler"
  packages = ["."]
  pruneopts = "UT"
  revision = "40a6026a0d12925a7a652972204ed70fb05bd616"

[[projects]]
  branch = "master"
  digest = "1:db515d82aed5df2f52952b11a8ca9bcab743408b255fae46ea1950e91ab8bbfd"
  name = "github.com/kraser/logger"
  packages = ["."]
  pruneopts = "UT"
  revision = "dd9ebf86848abd0ae843bd4719e57e99dad2fb7e"

[[projects]]
  branch = "master"
  digest = "1:536a2fee380c00d09d947d1e89bdfec82617e94a86cc191d8094aa29aac44bc2"
  name = "github.com/kraser/parser"
  packages = ["."]
  pruneopts = "UT"
  revision = "3b1ee1aba530f835e6e7b341511322bbc9c4b19d"

[[projects]]
  branch = "master"
  digest = "1:8dfd008b7f3c751131d2b78e44aad5ca3224c35000ef019af218f521b9237407"
  name = "github.com/kraser/priceloader"
  packages = ["."]
  pruneopts = "UT"
  revision = "642ff8b3fbac91e2a25d820cd2081a32e5bb2c2d"

[[projects]]
  branch = "master"
  digest = "1:aeecbd7021c60165edbc860a3d8ff80b3c82cbeda534c313069247f84ea266c4"
  name = "github.com/kraser/webreader"
  packages = ["."]
  pruneopts = "UT"
  revision = "eff10fe466047aeb9fc2d97bf653bdb3d4362b9e"

[[projects]]
  digest = "1:8ef506fc2bb9ced9b151dafa592d4046063d744c646c1bbe801982ce87e4bc24"
  name = "github.com/lib/pq"
  packages = [
    ".",
    "oid",
  ]
  pruneopts = "UT"
  revision = "4ded0e9383f75c197b3a2aaa6d590ac52df6fd79"
  version = "v1.0.0"

[[projects]]
  digest = "1:e4c72127d910a96daf869a44f3dd563b86dbe6931a172863a0e99c5ff04b59e4"
  name = "github.com/sirupsen/logrus"
  packages = ["."]
  pruneopts = "UT"
  revision = "dae0fa8d5b0c810a8ab733fbd5510c7cae84eca4"
  version = "v1.4.0"

[[projects]]
  branch = "master"
  digest = "1:bbe51412d9915d64ffaa96b51d409e070665efc5194fcf145c4a27d4133107a4"
  name = "golang.org/x/crypto"
  packages = ["ssh/terminal"]
  pruneopts = "UT"
  revision = "a5d413f7728c81fb97d96a2b722368945f651e78"

[[projects]]
  branch = "master"
  digest = "1:81e1a7dd1ab100e3ac0ad948e844959a0ebb225ad22849ccfa028503da17caed"
  name = "golang.org/x/net"
  packages = [
    "html",
    "html/atom",
  ]
  pruneopts = "UT"
  revision = "63eda1eb0650888965ead1296efd04d0b2b61128"

[[projects]]
  branch = "master"
  digest = "1:f6321364014431568a59b49b449d6ae60c017f3afa3f4ab787a5636853b16b1e"
  name = "golang.org/x/sys"
  packages = [
    "unix",
    "windows",
  ]
  pruneopts = "UT"
  revision = "9eb1bfa1ce65ae8a6ff3114b0aaf9a41a6cf3560"

[solve-meta]
  analyzer-name = "dep"
  analyzer-version = 1
  input-imports = [
    "github.com/PuerkitoBio/goquery",
    "github.com/kelseyhightower/envconfig",
    "github.com/kraser/errorshandler",
    "github.com/kraser/logger",
    "github.com/kraser/parser",
    "github.com/kraser/priceloader",
    "github.com/kraser/webreader",
    "github.com/lib/pq",
    "golang.org/x/net/html",
  ]
  solver-name = "gps-cdcl"
  solver-version = 1
